# This file is automatically @generated by Cargo.
# It is not intended for manual editing.
version = 3

[[package]]
name = "helium-kernel"
version = "0.0.1"
dependencies = [
 "nasm-rs",
]

[[package]]
name = "nasm-rs"
version = "0.3.0"
source = "registry+https://github.com/rust-lang/crates.io-index"
checksum = "12fcfa1bd49e0342ec1d07ed2be83b59963e7acbeb9310e1bb2c07b69dadd959"
