# This file is automatically @generated by Cargo.
# It is not intended for manual editing.
version = 4

[[package]]
name = "helium-runtime"
version = "0.1.0"
dependencies = [
 "helium-syscall",
 "nasm-rs",
]

[[package]]
name = "helium-syscall"
version = "0.1.0"

[[package]]
name = "init"
version = "0.1.0"
dependencies = [
 "helium-runtime",
]

[[package]]
name = "nasm-rs"
version = "0.3.0"
source = "registry+https://github.com/rust-lang/crates.io-index"
checksum = "12fcfa1bd49e0342ec1d07ed2be83b59963e7acbeb9310e1bb2c07b69dadd959"
